
Microsoft Visual Studio Solution File, Format Version 12.00
# Visual Studio Version 17
VisualStudioVersion = 17.8.34330.188
MinimumVisualStudioVersion = 10.0.40219.1
Project("{FAE04EC0-301F-11D3-BF4B-00C04F79EFBC}") = "InvokerInteraction", "InvokerInteraction.csproj", "{F63ECD36-FE83-4D36-BB58-735B029D6A34}"
EndProject
Global
	GlobalSection(SolutionConfigurationPlatforms) = preSolution
		Debug|Any CPU = Debug|Any CPU
		Release|Any CPU = Release|Any CPU
	EndGlobalSection
	GlobalSection(ProjectConfigurationPlatforms) = postSolution
		{F63ECD36-FE83-4D36-BB58-735B029D6A34}.Debug|Any CPU.ActiveCfg = Debug|Any CPU
		{F63ECD36-FE83-4D36-BB58-735B029D6A34}.Debug|Any CPU.Build.0 = Debug|Any CPU
		{F63ECD36-FE83-4D36-BB58-735B029D6A34}.Release|Any CPU.ActiveCfg = Release|Any CPU
		{F63ECD36-FE83-4D36-BB58-735B029D6A34}.Release|Any CPU.Build.0 = Release|Any CPU
	EndGlobalSection
	GlobalSection(SolutionProperties) = preSolution
		HideSolutionNode = FALSE
	EndGlobalSection
	GlobalSection(ExtensibilityGlobals) = postSolution
		SolutionGuid = {18861EF2-DC49-469A-B8D3-75B4E8A509CB}
	EndGlobalSection
EndGlobal
